
Microsoft Visual Studio Solution File, Format Version 12.00
# Visual Studio Version 16
VisualStudioVersion = 16.0.33927.289
MinimumVisualStudioVersion = 10.0.40219.1
Project("{FAE04EC0-301F-11D3-BF4B-00C04F79EFBC}") = "11.01.RandomColor", "11.01.RandomColor\11.01.RandomColor.csproj", "{B00574E9-C782-468F-AFA6-DAD7C9CC18D9}"
EndProject
Global
	GlobalSection(SolutionConfigurationPlatforms) = preSolution
		Debug|Any CPU = Debug|Any CPU
		Release|Any CPU = Release|Any CPU
	EndGlobalSection
	GlobalSection(ProjectConfigurationPlatforms) = postSolution
		{B00574E9-C782-468F-AFA6-DAD7C9CC18D9}.Debug|Any CPU.ActiveCfg = Debug|Any CPU
		{B00574E9-C782-468F-AFA6-DAD7C9CC18D9}.Debug|Any CPU.Build.0 = Debug|Any CPU
		{B00574E9-C782-468F-AFA6-DAD7C9CC18D9}.Release|Any CPU.ActiveCfg = Release|Any CPU
		{B00574E9-C782-468F-AFA6-DAD7C9CC18D9}.Release|Any CPU.Build.0 = Release|Any CPU
	EndGlobalSection
	GlobalSection(SolutionProperties) = preSolution
		HideSolutionNode = FALSE
	EndGlobalSection
	GlobalSection(ExtensibilityGlobals) = postSolution
		SolutionGuid = {DD23A8C7-C3FA-40AF-BF38-F0587DFB34F4}
	EndGlobalSection
EndGlobal
